
Microsoft Visual Studio Solution File, Format Version 12.00
# Visual Studio Version 17
VisualStudioVersion = 17.6.33815.320
MinimumVisualStudioVersion = 10.0.40219.1
Project("{9A19103F-16F7-4668-BE54-9A1E7A4F7556}") = "HealthyLifeStyle.Web", "HealthyLifeStyle.Web\HealthyLifeStyle.Web.csproj", "{6F9EE562-17CE-40A6-94A7-B447FC328466}"
EndProject
Project("{9A19103F-16F7-4668-BE54-9A1E7A4F7556}") = "HealthyLifeStyle.Types", "HealthyLifeStyle.Types\HealthyLifeStyle.Types.csproj", "{B17895D1-1298-45AB-AA51-DA9AB8C8CF7E}"
EndProject
Project("{9A19103F-16F7-4668-BE54-9A1E7A4F7556}") = "HealthyLifeStyle.Business", "HealthyLifeStyle.Business\HealthyLifeStyle.Business.csproj", "{F06F187F-E9AE-42FE-924C-90AD1E8B0068}"
EndProject
Project("{FAE04EC0-301F-11D3-BF4B-00C04F79EFBC}") = "_doc", "_doc\_doc.csproj", "{EAB2CA1F-8052-4124-8950-430F3E248DD6}"
EndProject
Global
	GlobalSection(SolutionConfigurationPlatforms) = preSolution
		Debug|Any CPU = Debug|Any CPU
		Release|Any CPU = Release|Any CPU
	EndGlobalSection
	GlobalSection(ProjectConfigurationPlatforms) = postSolution
		{6F9EE562-17CE-40A6-94A7-B447FC328466}.Debug|Any CPU.ActiveCfg = Debug|Any CPU
		{6F9EE562-17CE-40A6-94A7-B447FC328466}.Debug|Any CPU.Build.0 = Debug|Any CPU
		{6F9EE562-17CE-40A6-94A7-B447FC328466}.Release|Any CPU.ActiveCfg = Release|Any CPU
		{6F9EE562-17CE-40A6-94A7-B447FC328466}.Release|Any CPU.Build.0 = Release|Any CPU
		{B17895D1-1298-45AB-AA51-DA9AB8C8CF7E}.Debug|Any CPU.ActiveCfg = Debug|Any CPU
		{B17895D1-1298-45AB-AA51-DA9AB8C8CF7E}.Debug|Any CPU.Build.0 = Debug|Any CPU
		{B17895D1-1298-45AB-AA51-DA9AB8C8CF7E}.Release|Any CPU.ActiveCfg = Release|Any CPU
		{B17895D1-1298-45AB-AA51-DA9AB8C8CF7E}.Release|Any CPU.Build.0 = Release|Any CPU
		{F06F187F-E9AE-42FE-924C-90AD1E8B0068}.Debug|Any CPU.ActiveCfg = Debug|Any CPU
		{F06F187F-E9AE-42FE-924C-90AD1E8B0068}.Debug|Any CPU.Build.0 = Debug|Any CPU
		{F06F187F-E9AE-42FE-924C-90AD1E8B0068}.Release|Any CPU.ActiveCfg = Release|Any CPU
		{F06F187F-E9AE-42FE-924C-90AD1E8B0068}.Release|Any CPU.Build.0 = Release|Any CPU
		{EAB2CA1F-8052-4124-8950-430F3E248DD6}.Debug|Any CPU.ActiveCfg = Debug|Any CPU
		{EAB2CA1F-8052-4124-8950-430F3E248DD6}.Debug|Any CPU.Build.0 = Debug|Any CPU
		{EAB2CA1F-8052-4124-8950-430F3E248DD6}.Release|Any CPU.ActiveCfg = Release|Any CPU
		{EAB2CA1F-8052-4124-8950-430F3E248DD6}.Release|Any CPU.Build.0 = Release|Any CPU
	EndGlobalSection
	GlobalSection(SolutionProperties) = preSolution
		HideSolutionNode = FALSE
	EndGlobalSection
	GlobalSection(ExtensibilityGlobals) = postSolution
		SolutionGuid = {802CE981-444D-489D-8BB2-9F5F7FE5551B}
	EndGlobalSection
EndGlobal
